
Microsoft Visual Studio Solution File, Format Version 11.00
# Visual Studio 2010
Project("{FAE04EC0-301F-11D3-BF4B-00C04F79EFBC}") = "TradingSystem", "TradingSystem\TradingSystem.csproj", "{C75A8FCF-8F5B-424C-9043-57D9D1E89080}"
EndProject
Project("{FAE04EC0-301F-11D3-BF4B-00C04F79EFBC}") = "TradingSystemExe", "TradingSystemExe\TradingSystemExe\TradingSystemExe.csproj", "{F2075C12-E941-4F2B-990F-0E375A176F32}"
EndProject
Project("{FAE04EC0-301F-11D3-BF4B-00C04F79EFBC}") = "Algorithm", "Algorithm\Algorithm.csproj", "{0E828148-621F-4B3F-ABE9-60F0B45D2696}"
EndProject
Project("{FAE04EC0-301F-11D3-BF4B-00C04F79EFBC}") = "Sender", "Sender\Sender.csproj", "{01C3C9A3-EF2D-46EA-AFE5-2C73D1C9A5C8}"
EndProject
Project("{FAE04EC0-301F-11D3-BF4B-00C04F79EFBC}") = "finamLib", "finamLib\finamLib.csproj", "{9053953A-1265-4224-977C-88A33234FD77}"
EndProject
Project("{FAE04EC0-301F-11D3-BF4B-00C04F79EFBC}") = "DBconnectorLib", "DBconnectorLib\DBconnectorLib.csproj", "{5FE0BEAB-AF3B-4099-B482-43DC975042C1}"
EndProject
Global
	GlobalSection(SolutionConfigurationPlatforms) = preSolution
		Debug|x86 = Debug|x86
		Release|x86 = Release|x86
	EndGlobalSection
	GlobalSection(ProjectConfigurationPlatforms) = postSolution
		{01C3C9A3-EF2D-46EA-AFE5-2C73D1C9A5C8}.Debug|x86.ActiveCfg = Debug|x86
		{01C3C9A3-EF2D-46EA-AFE5-2C73D1C9A5C8}.Debug|x86.Build.0 = Debug|x86
		{01C3C9A3-EF2D-46EA-AFE5-2C73D1C9A5C8}.Release|x86.ActiveCfg = Release|x86
		{01C3C9A3-EF2D-46EA-AFE5-2C73D1C9A5C8}.Release|x86.Build.0 = Release|x86
		{0E828148-621F-4B3F-ABE9-60F0B45D2696}.Debug|x86.ActiveCfg = Debug|x86
		{0E828148-621F-4B3F-ABE9-60F0B45D2696}.Debug|x86.Build.0 = Debug|x86
		{0E828148-621F-4B3F-ABE9-60F0B45D2696}.Release|x86.ActiveCfg = Release|x86
		{0E828148-621F-4B3F-ABE9-60F0B45D2696}.Release|x86.Build.0 = Release|x86
		{5FE0BEAB-AF3B-4099-B482-43DC975042C1}.Debug|x86.ActiveCfg = Debug|x86
		{5FE0BEAB-AF3B-4099-B482-43DC975042C1}.Debug|x86.Build.0 = Debug|x86
		{5FE0BEAB-AF3B-4099-B482-43DC975042C1}.Release|x86.ActiveCfg = Release|x86
		{5FE0BEAB-AF3B-4099-B482-43DC975042C1}.Release|x86.Build.0 = Release|x86
		{9053953A-1265-4224-977C-88A33234FD77}.Debug|x86.ActiveCfg = Debug|x86
		{9053953A-1265-4224-977C-88A33234FD77}.Debug|x86.Build.0 = Debug|x86
		{9053953A-1265-4224-977C-88A33234FD77}.Release|x86.ActiveCfg = Release|x86
		{9053953A-1265-4224-977C-88A33234FD77}.Release|x86.Build.0 = Release|x86
		{C75A8FCF-8F5B-424C-9043-57D9D1E89080}.Debug|x86.ActiveCfg = Debug|x86
		{C75A8FCF-8F5B-424C-9043-57D9D1E89080}.Debug|x86.Build.0 = Debug|x86
		{C75A8FCF-8F5B-424C-9043-57D9D1E89080}.Release|x86.ActiveCfg = Release|x86
		{C75A8FCF-8F5B-424C-9043-57D9D1E89080}.Release|x86.Build.0 = Release|x86
		{F2075C12-E941-4F2B-990F-0E375A176F32}.Debug|x86.ActiveCfg = Debug|x86
		{F2075C12-E941-4F2B-990F-0E375A176F32}.Debug|x86.Build.0 = Debug|x86
		{F2075C12-E941-4F2B-990F-0E375A176F32}.Release|x86.ActiveCfg = Release|x86
		{F2075C12-E941-4F2B-990F-0E375A176F32}.Release|x86.Build.0 = Release|x86
	EndGlobalSection
	GlobalSection(MonoDevelopProperties) = preSolution
		StartupItem = TradingSystem\TradingSystem.csproj
	EndGlobalSection
EndGlobal
